
Microsoft Visual Studio Solution File, Format Version 12.00
# Visual Studio 14
VisualStudioVersion = 14.0.25420.1
MinimumVisualStudioVersion = 10.0.40219.1
Project("{FAE04EC0-301F-11D3-BF4B-00C04F79EFBC}") = "BloodConnector.WebAPI", "BloodConnector.WebAPI\BloodConnector.WebAPI.csproj", "{59BC4642-C63A-44D4-8518-E8F1E6A83C93}"
EndProject
Project("{FAE04EC0-301F-11D3-BF4B-00C04F79EFBC}") = "BloodConnector.WebAPI.Tests", "BloodConnector.WebAPI.Tests\BloodConnector.WebAPI.Tests.csproj", "{53ACA872-7F8E-40FE-93C3-3F21C500AD51}"
EndProject
Project("{E24C65DC-7377-472B-9ABA-BC803B73C61A}") = "BloodConnector.Web", "BloodConnector.Web\", "{7732B375-4ED5-499A-AE99-882747E792CB}"
	ProjectSection(WebsiteProperties) = preProject
		TargetFrameworkMoniker = ".NETFramework,Version%3Dv4.6"
		Debug.AspNetCompiler.VirtualPath = "/localhost_14717"
		Debug.AspNetCompiler.PhysicalPath = "BloodConnector.Web\"
		Debug.AspNetCompiler.TargetPath = "PrecompiledWeb\localhost_14717\"
		Debug.AspNetCompiler.Updateable = "true"
		Debug.AspNetCompiler.ForceOverwrite = "true"
		Debug.AspNetCompiler.FixedNames = "false"
		Debug.AspNetCompiler.Debug = "True"
		Release.AspNetCompiler.VirtualPath = "/localhost_14717"
		Release.AspNetCompiler.PhysicalPath = "BloodConnector.Web\"
		Release.AspNetCompiler.TargetPath = "PrecompiledWeb\localhost_14717\"
		Release.AspNetCompiler.Updateable = "true"
		Release.AspNetCompiler.ForceOverwrite = "true"
		Release.AspNetCompiler.FixedNames = "false"
		Release.AspNetCompiler.Debug = "False"
		VWDPort = "14717"
		SlnRelativePath = "BloodConnector.Web\"
		DefaultWebSiteLanguage = "Visual C#"
	EndProjectSection
EndProject
Global
	GlobalSection(SolutionConfigurationPlatforms) = preSolution
		Debug|Any CPU = Debug|Any CPU
		Release|Any CPU = Release|Any CPU
	EndGlobalSection
	GlobalSection(ProjectConfigurationPlatforms) = postSolution
		{59BC4642-C63A-44D4-8518-E8F1E6A83C93}.Debug|Any CPU.ActiveCfg = Debug|Any CPU
		{59BC4642-C63A-44D4-8518-E8F1E6A83C93}.Debug|Any CPU.Build.0 = Debug|Any CPU
		{59BC4642-C63A-44D4-8518-E8F1E6A83C93}.Release|Any CPU.ActiveCfg = Release|Any CPU
		{59BC4642-C63A-44D4-8518-E8F1E6A83C93}.Release|Any CPU.Build.0 = Release|Any CPU
		{53ACA872-7F8E-40FE-93C3-3F21C500AD51}.Debug|Any CPU.ActiveCfg = Debug|Any CPU
		{53ACA872-7F8E-40FE-93C3-3F21C500AD51}.Debug|Any CPU.Build.0 = Debug|Any CPU
		{53ACA872-7F8E-40FE-93C3-3F21C500AD51}.Release|Any CPU.ActiveCfg = Release|Any CPU
		{53ACA872-7F8E-40FE-93C3-3F21C500AD51}.Release|Any CPU.Build.0 = Release|Any CPU
		{7732B375-4ED5-499A-AE99-882747E792CB}.Debug|Any CPU.ActiveCfg = Debug|Any CPU
		{7732B375-4ED5-499A-AE99-882747E792CB}.Debug|Any CPU.Build.0 = Debug|Any CPU
		{7732B375-4ED5-499A-AE99-882747E792CB}.Release|Any CPU.ActiveCfg = Debug|Any CPU
		{7732B375-4ED5-499A-AE99-882747E792CB}.Release|Any CPU.Build.0 = Debug|Any CPU
	EndGlobalSection
	GlobalSection(SolutionProperties) = preSolution
		HideSolutionNode = FALSE
	EndGlobalSection
EndGlobal
